
Microsoft Visual Studio Solution File, Format Version 12.00
# Visual Studio Version 17
VisualStudioVersion = 17.0.31903.59
MinimumVisualStudioVersion = 10.0.40219.1
Project("{2150E333-8FDC-42A3-9474-1A3956D46DE8}") = ".", ".", "{F2D2A5A4-8EDE-470F-803C-1EBE86A0F1A7}"
EndProject
Project("{FAE04EC0-301F-11D3-BF4B-00C04F79EFBC}") = "Dalmarkit.Sample.Core", "src\Dalmarkit.Sample.Core\Dalmarkit.Sample.Core.csproj", "{D4B6E4FD-8FC7-4726-9C06-802C72D8A11D}"
EndProject
Project("{FAE04EC0-301F-11D3-BF4B-00C04F79EFBC}") = "Dalmarkit.Sample.EntityFrameworkCore", "src\Dalmarkit.Sample.EntityFrameworkCore\Dalmarkit.Sample.EntityFrameworkCore.csproj", "{206AF115-2976-4878-9A1F-4E416DE8538D}"
EndProject
Project("{FAE04EC0-301F-11D3-BF4B-00C04F79EFBC}") = "Dalmarkit.Sample.Application", "src\Dalmarkit.Sample.Application\Dalmarkit.Sample.Application.csproj", "{CB69DE11-96CA-4A84-963F-6DAE048342C7}"
EndProject
Project("{FAE04EC0-301F-11D3-BF4B-00C04F79EFBC}") = "Dalmarkit.Sample.WebApi", "src\Dalmarkit.Sample.WebApi\Dalmarkit.Sample.WebApi.csproj", "{352E606A-5BE7-4B88-A0D3-434C6A3EDE0D}"
EndProject
Project("{FAE04EC0-301F-11D3-BF4B-00C04F79EFBC}") = "Dalmarkit.Sample.WebApi.Tests", "test\Dalmarkit.Sample.WebApi.Tests\Dalmarkit.Sample.WebApi.Tests.csproj", "{A955974B-2D11-45FD-9074-5EAE2071D0D5}"
EndProject
Global
	GlobalSection(SolutionConfigurationPlatforms) = preSolution
		Debug|Any CPU = Debug|Any CPU
		Release|Any CPU = Release|Any CPU
	EndGlobalSection
	GlobalSection(SolutionProperties) = preSolution
		HideSolutionNode = FALSE
	EndGlobalSection
	GlobalSection(ProjectConfigurationPlatforms) = postSolution
		{D4B6E4FD-8FC7-4726-9C06-802C72D8A11D}.Debug|Any CPU.ActiveCfg = Debug|Any CPU
		{D4B6E4FD-8FC7-4726-9C06-802C72D8A11D}.Debug|Any CPU.Build.0 = Debug|Any CPU
		{D4B6E4FD-8FC7-4726-9C06-802C72D8A11D}.Release|Any CPU.ActiveCfg = Release|Any CPU
		{D4B6E4FD-8FC7-4726-9C06-802C72D8A11D}.Release|Any CPU.Build.0 = Release|Any CPU
		{206AF115-2976-4878-9A1F-4E416DE8538D}.Debug|Any CPU.ActiveCfg = Debug|Any CPU
		{206AF115-2976-4878-9A1F-4E416DE8538D}.Debug|Any CPU.Build.0 = Debug|Any CPU
		{206AF115-2976-4878-9A1F-4E416DE8538D}.Release|Any CPU.ActiveCfg = Release|Any CPU
		{206AF115-2976-4878-9A1F-4E416DE8538D}.Release|Any CPU.Build.0 = Release|Any CPU
		{CB69DE11-96CA-4A84-963F-6DAE048342C7}.Debug|Any CPU.ActiveCfg = Debug|Any CPU
		{CB69DE11-96CA-4A84-963F-6DAE048342C7}.Debug|Any CPU.Build.0 = Debug|Any CPU
		{CB69DE11-96CA-4A84-963F-6DAE048342C7}.Release|Any CPU.ActiveCfg = Release|Any CPU
		{CB69DE11-96CA-4A84-963F-6DAE048342C7}.Release|Any CPU.Build.0 = Release|Any CPU
		{352E606A-5BE7-4B88-A0D3-434C6A3EDE0D}.Debug|Any CPU.ActiveCfg = Debug|Any CPU
		{352E606A-5BE7-4B88-A0D3-434C6A3EDE0D}.Debug|Any CPU.Build.0 = Debug|Any CPU
		{352E606A-5BE7-4B88-A0D3-434C6A3EDE0D}.Release|Any CPU.ActiveCfg = Release|Any CPU
		{352E606A-5BE7-4B88-A0D3-434C6A3EDE0D}.Release|Any CPU.Build.0 = Release|Any CPU
		{A955974B-2D11-45FD-9074-5EAE2071D0D5}.Debug|Any CPU.ActiveCfg = Debug|Any CPU
		{A955974B-2D11-45FD-9074-5EAE2071D0D5}.Debug|Any CPU.Build.0 = Debug|Any CPU
		{A955974B-2D11-45FD-9074-5EAE2071D0D5}.Release|Any CPU.ActiveCfg = Release|Any CPU
		{A955974B-2D11-45FD-9074-5EAE2071D0D5}.Release|Any CPU.Build.0 = Release|Any CPU
	EndGlobalSection
	GlobalSection(NestedProjects) = preSolution
		{D4B6E4FD-8FC7-4726-9C06-802C72D8A11D} = {F2D2A5A4-8EDE-470F-803C-1EBE86A0F1A7}
		{206AF115-2976-4878-9A1F-4E416DE8538D} = {F2D2A5A4-8EDE-470F-803C-1EBE86A0F1A7}
		{CB69DE11-96CA-4A84-963F-6DAE048342C7} = {F2D2A5A4-8EDE-470F-803C-1EBE86A0F1A7}
		{352E606A-5BE7-4B88-A0D3-434C6A3EDE0D} = {F2D2A5A4-8EDE-470F-803C-1EBE86A0F1A7}
		{A955974B-2D11-45FD-9074-5EAE2071D0D5} = {F2D2A5A4-8EDE-470F-803C-1EBE86A0F1A7}
	EndGlobalSection
EndGlobal
